
Microsoft Visual Studio Solution File, Format Version 12.00
# Visual Studio Version 16
VisualStudioVersion = 16.0.31229.75
MinimumVisualStudioVersion = 10.0.40219.1
Project("{FAE04EC0-301F-11D3-BF4B-00C04F79EFBC}") = "CompareSDF", "CompareSDF.csproj", "{8187681E-AA65-4A84-9C13-C0B997F21BE1}"
EndProject
Project("{FAE04EC0-301F-11D3-BF4B-00C04F79EFBC}") = "CompareSDF_3_5", "..\CompareSDF_3_5\CompareSDF_3_5.csproj", "{EDDC1733-6ADB-42A1-AC5F-4BBA0336E2C4}"
EndProject
Global
	GlobalSection(SolutionConfigurationPlatforms) = preSolution
		Debug|Any CPU = Debug|Any CPU
		Release|Any CPU = Release|Any CPU
	EndGlobalSection
	GlobalSection(ProjectConfigurationPlatforms) = postSolution
		{8187681E-AA65-4A84-9C13-C0B997F21BE1}.Debug|Any CPU.ActiveCfg = Debug|Any CPU
		{8187681E-AA65-4A84-9C13-C0B997F21BE1}.Debug|Any CPU.Build.0 = Debug|Any CPU
		{8187681E-AA65-4A84-9C13-C0B997F21BE1}.Release|Any CPU.ActiveCfg = Release|Any CPU
		{8187681E-AA65-4A84-9C13-C0B997F21BE1}.Release|Any CPU.Build.0 = Release|Any CPU
		{EDDC1733-6ADB-42A1-AC5F-4BBA0336E2C4}.Debug|Any CPU.ActiveCfg = Debug|Any CPU
		{EDDC1733-6ADB-42A1-AC5F-4BBA0336E2C4}.Debug|Any CPU.Build.0 = Debug|Any CPU
		{EDDC1733-6ADB-42A1-AC5F-4BBA0336E2C4}.Release|Any CPU.ActiveCfg = Release|Any CPU
		{EDDC1733-6ADB-42A1-AC5F-4BBA0336E2C4}.Release|Any CPU.Build.0 = Release|Any CPU
	EndGlobalSection
	GlobalSection(SolutionProperties) = preSolution
		HideSolutionNode = FALSE
	EndGlobalSection
	GlobalSection(ExtensibilityGlobals) = postSolution
		SolutionGuid = {13578887-5CBF-4F10-BD45-1902BFC8EBA1}
	EndGlobalSection
EndGlobal
